
Microsoft Visual Studio Solution File, Format Version 12.00
Project("{FAE04EC0-301F-11D3-BF4B-00C04F79EFBC}") = "AutoFixCombatItem", "AutoFixCombatItem\AutoFixCombatItem.csproj", "{B3222E75-C3B9-4D7D-B809-5FF6DA41CE28}"
EndProject
Global
	GlobalSection(SolutionConfigurationPlatforms) = preSolution
		Debug|Any CPU = Debug|Any CPU
		Release|Any CPU = Release|Any CPU
	EndGlobalSection
	GlobalSection(ProjectConfigurationPlatforms) = postSolution
		{B3222E75-C3B9-4D7D-B809-5FF6DA41CE28}.Debug|Any CPU.ActiveCfg = Debug|Any CPU
		{B3222E75-C3B9-4D7D-B809-5FF6DA41CE28}.Debug|Any CPU.Build.0 = Debug|Any CPU
		{B3222E75-C3B9-4D7D-B809-5FF6DA41CE28}.Release|Any CPU.ActiveCfg = Release|Any CPU
		{B3222E75-C3B9-4D7D-B809-5FF6DA41CE28}.Release|Any CPU.Build.0 = Release|Any CPU
	EndGlobalSection
EndGlobal
