
Microsoft Visual Studio Solution File, Format Version 12.00
Project("{FAE04EC0-301F-11D3-BF4B-00C04F79EFBC}") = "DeletMyCustomItem", "DeletMyCustomItem\DeletMyCustomItem.csproj", "{F8F04C3B-B1B2-4EBD-88A9-C5B332CC4361}"
EndProject
Global
	GlobalSection(SolutionConfigurationPlatforms) = preSolution
		Debug|Any CPU = Debug|Any CPU
		Release|Any CPU = Release|Any CPU
	EndGlobalSection
	GlobalSection(ProjectConfigurationPlatforms) = postSolution
		{F8F04C3B-B1B2-4EBD-88A9-C5B332CC4361}.Debug|Any CPU.ActiveCfg = Debug|Any CPU
		{F8F04C3B-B1B2-4EBD-88A9-C5B332CC4361}.Debug|Any CPU.Build.0 = Debug|Any CPU
		{F8F04C3B-B1B2-4EBD-88A9-C5B332CC4361}.Release|Any CPU.ActiveCfg = Release|Any CPU
		{F8F04C3B-B1B2-4EBD-88A9-C5B332CC4361}.Release|Any CPU.Build.0 = Release|Any CPU
	EndGlobalSection
EndGlobal
